{
  "object": {
    "pins": [
      {
        "package": "Just",
        "repositoryURL": "https://github.com/JustHTTP/Just.git",
        "state": {
          "branch": null,
          "revision": "3f64fda37dd11e50f410ba90d219fdb3ed927612",
          "version": "0.6.0"
        }
      },
      {
        "package": "KronoxComunicator",
        "repositoryURL": "https://github.com/Enari/KronoxComunicator.git",
        "state": {
          "branch": null,
          "revision": "f0b96a934237c0c190e950de173aa6419fb598c7",
          "version": "0.1.2"
        }
      },
      {
        "package": "SwiftSoup",
        "repositoryURL": "https://github.com/Enari/SwiftSoup.git",
        "state": {
          "branch": null,
          "revision": "0d4867ab90ec96d0b6fdcc7ae53f610233f545e1",
          "version": "1.5.10"
        }
      },
      {
        "package": "SwiftyTextTable",
        "repositoryURL": "https://github.com/scottrhoyt/SwiftyTextTable.git",
        "state": {
          "branch": null,
          "revision": "89728970c0a244c43f29c4155a1b1dc20b3c4633",
          "version": "0.8.0"
        }
      }
    ]
  },
  "version": 1
}
